Microsoft Visual Studio Solution File, Format Version 12.00
# Visual Studio 2012
Project("{FAE04EC0-301F-11D3-BF4B-00C04F79EFBC}") = "GameDevTutorial2DAdvantureGameDevTvGodot", "GameDevTutorial2DAdvantureGameDevTvGodot.csproj", "{B08F2580-1DB2-48A1-B7AC-3044D8ED3C10}"
EndProject
Global
	GlobalSection(SolutionConfigurationPlatforms) = preSolution
	Debug|Any CPU = Debug|Any CPU
	ExportDebug|Any CPU = ExportDebug|Any CPU
	ExportRelease|Any CPU = ExportRelease|Any CPU
	EndGlobalSection
	GlobalSection(ProjectConfigurationPlatforms) = postSolution
		{B08F2580-1DB2-48A1-B7AC-3044D8ED3C10}.Debug|Any CPU.ActiveCfg = Debug|Any CPU
		{B08F2580-1DB2-48A1-B7AC-3044D8ED3C10}.Debug|Any CPU.Build.0 = Debug|Any CPU
		{B08F2580-1DB2-48A1-B7AC-3044D8ED3C10}.ExportDebug|Any CPU.ActiveCfg = ExportDebug|Any CPU
		{B08F2580-1DB2-48A1-B7AC-3044D8ED3C10}.ExportDebug|Any CPU.Build.0 = ExportDebug|Any CPU
		{B08F2580-1DB2-48A1-B7AC-3044D8ED3C10}.ExportRelease|Any CPU.ActiveCfg = ExportRelease|Any CPU
		{B08F2580-1DB2-48A1-B7AC-3044D8ED3C10}.ExportRelease|Any CPU.Build.0 = ExportRelease|Any CPU
	EndGlobalSection
EndGlobal
